
Microsoft Visual Studio Solution File, Format Version 12.00
# Visual Studio Version 17
VisualStudioVersion = 17.14.36915.13 d17.14
MinimumVisualStudioVersion = 10.0.40219.1
Project("{FAE04EC0-301F-11D3-BF4B-00C04F79EFBC}") = "AirportControlTower.Api", "AirportControlTower.Api.csproj", "{209B2923-1985-4B78-BB21-EF3977BE7F10}"
EndProject
Global
	GlobalSection(SolutionConfigurationPlatforms) = preSolution
		Debug|Any CPU = Debug|Any CPU
		Release|Any CPU = Release|Any CPU
	EndGlobalSection
	GlobalSection(ProjectConfigurationPlatforms) = postSolution
		{209B2923-1985-4B78-BB21-EF3977BE7F10}.Debug|Any CPU.ActiveCfg = Debug|Any CPU
		{209B2923-1985-4B78-BB21-EF3977BE7F10}.Debug|Any CPU.Build.0 = Debug|Any CPU
		{209B2923-1985-4B78-BB21-EF3977BE7F10}.Release|Any CPU.ActiveCfg = Release|Any CPU
		{209B2923-1985-4B78-BB21-EF3977BE7F10}.Release|Any CPU.Build.0 = Release|Any CPU
	EndGlobalSection
	GlobalSection(SolutionProperties) = preSolution
		HideSolutionNode = FALSE
	EndGlobalSection
	GlobalSection(ExtensibilityGlobals) = postSolution
		SolutionGuid = {E97715EF-DD4B-4A64-B3C3-8F61EE880E59}
	EndGlobalSection
EndGlobal
